
Microsoft Visual Studio Solution File, Format Version 12.00
# Visual Studio Version 17
VisualStudioVersion = 17.5.002.0
MinimumVisualStudioVersion = 10.0.40219.1
Project("{9A19103F-16F7-4668-BE54-9A1E7A4F7556}") = "Cupones", "Cupones.csproj", "{2B24122F-29F3-4FE2-B574-1BA6FB7FA63A}"
EndProject
Global
	GlobalSection(SolutionConfigurationPlatforms) = preSolution
		Debug|Any CPU = Debug|Any CPU
		Release|Any CPU = Release|Any CPU
	EndGlobalSection
	GlobalSection(ProjectConfigurationPlatforms) = postSolution
		{2B24122F-29F3-4FE2-B574-1BA6FB7FA63A}.Debug|Any CPU.ActiveCfg = Debug|Any CPU
		{2B24122F-29F3-4FE2-B574-1BA6FB7FA63A}.Debug|Any CPU.Build.0 = Debug|Any CPU
		{2B24122F-29F3-4FE2-B574-1BA6FB7FA63A}.Release|Any CPU.ActiveCfg = Release|Any CPU
		{2B24122F-29F3-4FE2-B574-1BA6FB7FA63A}.Release|Any CPU.Build.0 = Release|Any CPU
	EndGlobalSection
	GlobalSection(SolutionProperties) = preSolution
		HideSolutionNode = FALSE
	EndGlobalSection
	GlobalSection(ExtensibilityGlobals) = postSolution
		SolutionGuid = {DEB2A465-5CF5-49D7-9D61-CC128FB34813}
	EndGlobalSection
EndGlobal
